
Microsoft Visual Studio Solution File, Format Version 12.00
# Visual Studio Version 17
VisualStudioVersion = 17.5.33516.290
MinimumVisualStudioVersion = 10.0.40219.1
Project("{FAE04EC0-301F-11D3-BF4B-00C04F79EFBC}") = "laba2_proga", "laba2_proga\laba2_proga.csproj", "{04E31480-E72A-45EF-8A19-C736EBFF9228}"
EndProject
Global
	GlobalSection(SolutionConfigurationPlatforms) = preSolution
		Debug|Any CPU = Debug|Any CPU
		Release|Any CPU = Release|Any CPU
	EndGlobalSection
	GlobalSection(ProjectConfigurationPlatforms) = postSolution
		{04E31480-E72A-45EF-8A19-C736EBFF9228}.Debug|Any CPU.ActiveCfg = Debug|Any CPU
		{04E31480-E72A-45EF-8A19-C736EBFF9228}.Debug|Any CPU.Build.0 = Debug|Any CPU
		{04E31480-E72A-45EF-8A19-C736EBFF9228}.Release|Any CPU.ActiveCfg = Release|Any CPU
		{04E31480-E72A-45EF-8A19-C736EBFF9228}.Release|Any CPU.Build.0 = Release|Any CPU
	EndGlobalSection
	GlobalSection(SolutionProperties) = preSolution
		HideSolutionNode = FALSE
	EndGlobalSection
	GlobalSection(ExtensibilityGlobals) = postSolution
		SolutionGuid = {CF9A2CF8-5631-42DC-8CBA-3D6497B9B399}
	EndGlobalSection
EndGlobal
